
Microsoft Visual Studio Solution File, Format Version 12.00
# Visual Studio Version 17
VisualStudioVersion = 17.2.32519.379
MinimumVisualStudioVersion = 10.0.40219.1
Project("{FAE04EC0-301F-11D3-BF4B-00C04F79EFBC}") = "InvoiceAPIv2", "InvoiceAPIv2\InvoiceAPIv2.csproj", "{C75A5F6C-31B4-438E-A81B-DA29E966F941}"
EndProject
Project("{FAE04EC0-301F-11D3-BF4B-00C04F79EFBC}") = "RDLCReport", "RDLCReport\RDLCReport.csproj", "{900384DE-34C5-4FE9-B9BD-E67F8952DA9F}"
EndProject
Global
	GlobalSection(SolutionConfigurationPlatforms) = preSolution
		Debug|Any CPU = Debug|Any CPU
		Release|Any CPU = Release|Any CPU
	EndGlobalSection
	GlobalSection(ProjectConfigurationPlatforms) = postSolution
		{C75A5F6C-31B4-438E-A81B-DA29E966F941}.Debug|Any CPU.ActiveCfg = Debug|Any CPU
		{C75A5F6C-31B4-438E-A81B-DA29E966F941}.Debug|Any CPU.Build.0 = Debug|Any CPU
		{C75A5F6C-31B4-438E-A81B-DA29E966F941}.Release|Any CPU.ActiveCfg = Release|Any CPU
		{C75A5F6C-31B4-438E-A81B-DA29E966F941}.Release|Any CPU.Build.0 = Release|Any CPU
		{900384DE-34C5-4FE9-B9BD-E67F8952DA9F}.Debug|Any CPU.ActiveCfg = Debug|Any CPU
		{900384DE-34C5-4FE9-B9BD-E67F8952DA9F}.Debug|Any CPU.Build.0 = Debug|Any CPU
		{900384DE-34C5-4FE9-B9BD-E67F8952DA9F}.Release|Any CPU.ActiveCfg = Release|Any CPU
		{900384DE-34C5-4FE9-B9BD-E67F8952DA9F}.Release|Any CPU.Build.0 = Release|Any CPU
	EndGlobalSection
	GlobalSection(SolutionProperties) = preSolution
		HideSolutionNode = FALSE
	EndGlobalSection
	GlobalSection(ExtensibilityGlobals) = postSolution
		SolutionGuid = {E4308E43-DDC7-4B72-990C-D9B01BD39E06}
	EndGlobalSection
EndGlobal
